
Microsoft Visual Studio Solution File, Format Version 12.00
# Visual Studio Version 17
VisualStudioVersion = 17.12.35527.113 d17.12
MinimumVisualStudioVersion = 10.0.40219.1
Project("{FAE04EC0-301F-11D3-BF4B-00C04F79EFBC}") = "Presentation", "Presentation\Presentation.csproj", "{F87EAEDD-E91A-475A-8FAD-71722F318ABF}"
EndProject
Project("{FAE04EC0-301F-11D3-BF4B-00C04F79EFBC}") = "Infrastructure", "Infrastructure\Infrastructure.csproj", "{A4671D72-75DB-41F1-99D7-BDEC48396D09}"
EndProject
Project("{FAE04EC0-301F-11D3-BF4B-00C04F79EFBC}") = "Application", "Application\Application.csproj", "{420DADD8-ACF5-4444-B670-93BC906BB16B}"
EndProject
Project("{FAE04EC0-301F-11D3-BF4B-00C04F79EFBC}") = "Domain", "Domain\Domain.csproj", "{BC6B2E09-0BD0-4859-BD82-56DAD827AB70}"
EndProject
Global
	GlobalSection(SolutionConfigurationPlatforms) = preSolution
		Debug|Any CPU = Debug|Any CPU
		Release|Any CPU = Release|Any CPU
	EndGlobalSection
	GlobalSection(ProjectConfigurationPlatforms) = postSolution
		{F87EAEDD-E91A-475A-8FAD-71722F318ABF}.Debug|Any CPU.ActiveCfg = Debug|Any CPU
		{F87EAEDD-E91A-475A-8FAD-71722F318ABF}.Debug|Any CPU.Build.0 = Debug|Any CPU
		{F87EAEDD-E91A-475A-8FAD-71722F318ABF}.Release|Any CPU.ActiveCfg = Release|Any CPU
		{F87EAEDD-E91A-475A-8FAD-71722F318ABF}.Release|Any CPU.Build.0 = Release|Any CPU
		{A4671D72-75DB-41F1-99D7-BDEC48396D09}.Debug|Any CPU.ActiveCfg = Debug|Any CPU
		{A4671D72-75DB-41F1-99D7-BDEC48396D09}.Debug|Any CPU.Build.0 = Debug|Any CPU
		{A4671D72-75DB-41F1-99D7-BDEC48396D09}.Release|Any CPU.ActiveCfg = Release|Any CPU
		{A4671D72-75DB-41F1-99D7-BDEC48396D09}.Release|Any CPU.Build.0 = Release|Any CPU
		{420DADD8-ACF5-4444-B670-93BC906BB16B}.Debug|Any CPU.ActiveCfg = Debug|Any CPU
		{420DADD8-ACF5-4444-B670-93BC906BB16B}.Debug|Any CPU.Build.0 = Debug|Any CPU
		{420DADD8-ACF5-4444-B670-93BC906BB16B}.Release|Any CPU.ActiveCfg = Release|Any CPU
		{420DADD8-ACF5-4444-B670-93BC906BB16B}.Release|Any CPU.Build.0 = Release|Any CPU
		{BC6B2E09-0BD0-4859-BD82-56DAD827AB70}.Debug|Any CPU.ActiveCfg = Debug|Any CPU
		{BC6B2E09-0BD0-4859-BD82-56DAD827AB70}.Debug|Any CPU.Build.0 = Debug|Any CPU
		{BC6B2E09-0BD0-4859-BD82-56DAD827AB70}.Release|Any CPU.ActiveCfg = Release|Any CPU
		{BC6B2E09-0BD0-4859-BD82-56DAD827AB70}.Release|Any CPU.Build.0 = Release|Any CPU
	EndGlobalSection
	GlobalSection(SolutionProperties) = preSolution
		HideSolutionNode = FALSE
	EndGlobalSection
EndGlobal
